
Microsoft Visual Studio Solution File, Format Version 12.00
# Visual Studio Version 17
VisualStudioVersion = 17.8.34309.116
MinimumVisualStudioVersion = 10.0.40219.1
Project("{FAE04EC0-301F-11D3-BF4B-00C04F79EFBC}") = "Astronomy", "Astronomy\Astronomy.csproj", "{BF480870-EFC5-4701-B8F0-E2462CCA6E6D}"
EndProject
Global
	GlobalSection(SolutionConfigurationPlatforms) = preSolution
		Debug|Any CPU = Debug|Any CPU
		Release|Any CPU = Release|Any CPU
	EndGlobalSection
	GlobalSection(ProjectConfigurationPlatforms) = postSolution
		{BF480870-EFC5-4701-B8F0-E2462CCA6E6D}.Debug|Any CPU.ActiveCfg = Debug|Any CPU
		{BF480870-EFC5-4701-B8F0-E2462CCA6E6D}.Debug|Any CPU.Build.0 = Debug|Any CPU
		{BF480870-EFC5-4701-B8F0-E2462CCA6E6D}.Debug|Any CPU.Deploy.0 = Debug|Any CPU
		{BF480870-EFC5-4701-B8F0-E2462CCA6E6D}.Release|Any CPU.ActiveCfg = Release|Any CPU
		{BF480870-EFC5-4701-B8F0-E2462CCA6E6D}.Release|Any CPU.Build.0 = Release|Any CPU
		{BF480870-EFC5-4701-B8F0-E2462CCA6E6D}.Release|Any CPU.Deploy.0 = Release|Any CPU
	EndGlobalSection
	GlobalSection(SolutionProperties) = preSolution
		HideSolutionNode = FALSE
	EndGlobalSection
	GlobalSection(ExtensibilityGlobals) = postSolution
		SolutionGuid = {E474FF4E-47A4-4345-852C-22A35FB613B2}
	EndGlobalSection
EndGlobal
